
Microsoft Visual Studio Solution File, Format Version 12.00
# Visual Studio 15
VisualStudioVersion = 15.0.26124.0
MinimumVisualStudioVersion = 15.0.26124.0
Project("{9A19103F-16F7-4668-BE54-9A1E7A4F7556}") = "api", "api\api.csproj", "{E7A8EAF6-C63C-4861-B4ED-A54CA120A869}"
EndProject
Project("{9A19103F-16F7-4668-BE54-9A1E7A4F7556}") = "Infrastructure", "Infrastructure\Infrastructure.csproj", "{375A7B13-2162-466F-92AC-99D2B4C28BDA}"
EndProject
Global
	GlobalSection(SolutionConfigurationPlatforms) = preSolution
		Debug|Any CPU = Debug|Any CPU
		Debug|x64 = Debug|x64
		Debug|x86 = Debug|x86
		Release|Any CPU = Release|Any CPU
		Release|x64 = Release|x64
		Release|x86 = Release|x86
	EndGlobalSection
	GlobalSection(ProjectConfigurationPlatforms) = postSolution
		{E7A8EAF6-C63C-4861-B4ED-A54CA120A869}.Debug|Any CPU.ActiveCfg = Debug|Any CPU
		{E7A8EAF6-C63C-4861-B4ED-A54CA120A869}.Debug|Any CPU.Build.0 = Debug|Any CPU
		{E7A8EAF6-C63C-4861-B4ED-A54CA120A869}.Debug|x64.ActiveCfg = Debug|Any CPU
		{E7A8EAF6-C63C-4861-B4ED-A54CA120A869}.Debug|x64.Build.0 = Debug|Any CPU
		{E7A8EAF6-C63C-4861-B4ED-A54CA120A869}.Debug|x86.ActiveCfg = Debug|Any CPU
		{E7A8EAF6-C63C-4861-B4ED-A54CA120A869}.Debug|x86.Build.0 = Debug|Any CPU
		{E7A8EAF6-C63C-4861-B4ED-A54CA120A869}.Release|Any CPU.ActiveCfg = Release|Any CPU
		{E7A8EAF6-C63C-4861-B4ED-A54CA120A869}.Release|Any CPU.Build.0 = Release|Any CPU
		{E7A8EAF6-C63C-4861-B4ED-A54CA120A869}.Release|x64.ActiveCfg = Release|Any CPU
		{E7A8EAF6-C63C-4861-B4ED-A54CA120A869}.Release|x64.Build.0 = Release|Any CPU
		{E7A8EAF6-C63C-4861-B4ED-A54CA120A869}.Release|x86.ActiveCfg = Release|Any CPU
		{E7A8EAF6-C63C-4861-B4ED-A54CA120A869}.Release|x86.Build.0 = Release|Any CPU
		{375A7B13-2162-466F-92AC-99D2B4C28BDA}.Debug|Any CPU.ActiveCfg = Debug|Any CPU
		{375A7B13-2162-466F-92AC-99D2B4C28BDA}.Debug|Any CPU.Build.0 = Debug|Any CPU
		{375A7B13-2162-466F-92AC-99D2B4C28BDA}.Debug|x64.ActiveCfg = Debug|Any CPU
		{375A7B13-2162-466F-92AC-99D2B4C28BDA}.Debug|x64.Build.0 = Debug|Any CPU
		{375A7B13-2162-466F-92AC-99D2B4C28BDA}.Debug|x86.ActiveCfg = Debug|Any CPU
		{375A7B13-2162-466F-92AC-99D2B4C28BDA}.Debug|x86.Build.0 = Debug|Any CPU
		{375A7B13-2162-466F-92AC-99D2B4C28BDA}.Release|Any CPU.ActiveCfg = Release|Any CPU
		{375A7B13-2162-466F-92AC-99D2B4C28BDA}.Release|Any CPU.Build.0 = Release|Any CPU
		{375A7B13-2162-466F-92AC-99D2B4C28BDA}.Release|x64.ActiveCfg = Release|Any CPU
		{375A7B13-2162-466F-92AC-99D2B4C28BDA}.Release|x64.Build.0 = Release|Any CPU
		{375A7B13-2162-466F-92AC-99D2B4C28BDA}.Release|x86.ActiveCfg = Release|Any CPU
		{375A7B13-2162-466F-92AC-99D2B4C28BDA}.Release|x86.Build.0 = Release|Any CPU
	EndGlobalSection
	GlobalSection(SolutionProperties) = preSolution
		HideSolutionNode = FALSE
	EndGlobalSection
	GlobalSection(ExtensibilityGlobals) = postSolution
		SolutionGuid = {E7415CB9-081D-45D1-8A27-41CA7774AF1A}
	EndGlobalSection
EndGlobal
